
Microsoft Visual Studio Solution File, Format Version 12.00
# Visual Studio Version 16
VisualStudioVersion = 16.0.29806.167
MinimumVisualStudioVersion = 10.0.40219.1
Project("{FAE04EC0-301F-11D3-BF4B-00C04F79EFBC}") = "Program1", "Program1.csproj", "{7FA2942D-D250-426A-8F2B-CB5EB9778162}"
EndProject
Global
	GlobalSection(SolutionConfigurationPlatforms) = preSolution
		Debug|Any CPU = Debug|Any CPU
		Release|Any CPU = Release|Any CPU
	EndGlobalSection
	GlobalSection(ProjectConfigurationPlatforms) = postSolution
		{7FA2942D-D250-426A-8F2B-CB5EB9778162}.Debug|Any CPU.ActiveCfg = Debug|Any CPU
		{7FA2942D-D250-426A-8F2B-CB5EB9778162}.Debug|Any CPU.Build.0 = Debug|Any CPU
		{7FA2942D-D250-426A-8F2B-CB5EB9778162}.Release|Any CPU.ActiveCfg = Release|Any CPU
		{7FA2942D-D250-426A-8F2B-CB5EB9778162}.Release|Any CPU.Build.0 = Release|Any CPU
	EndGlobalSection
	GlobalSection(SolutionProperties) = preSolution
		HideSolutionNode = FALSE
	EndGlobalSection
	GlobalSection(ExtensibilityGlobals) = postSolution
		SolutionGuid = {54EE7368-BE96-4C7D-8932-F548564654C7}
	EndGlobalSection
EndGlobal
